<?xml version="1.0" encoding="utf-8"?>
<Project ToolsVersion="4.0" xmlns="http://schemas.microsoft.com/developer/msbuild/2003">
  <ItemGroup>
    <Filter Include="Source Files">
      <UniqueIdentifier>{4FC737F1-C7A5-4376-A066-2A32D752A2FF}</UniqueIdentifier>
      <Extensions>cpp;c;cc;cxx;def;odl;idl;hpj;bat;asm;asmx</Extensions>
    </Filter>
    <Filter Include="Header Files">
      <UniqueIdentifier>{93995380-89BD-4b04-88EB-625FBE52EBFB}</UniqueIdentifier>
      <Extensions>h;hpp;hxx;hm;inl;inc;xsd</Extensions>
    </Filter>
    <Filter Include="Shader">
      <UniqueIdentifier>{67DA6AB6-F800-4c08-8B7A-83BB121AAD01}</UniqueIdentifier>
      <Extensions>rc;ico;cur;bmp;dlg;rc2;rct;bin;rgs;gif;jpg;jpeg;jpe;resx;tiff;tif;png;wav;mfcribbon-ms</Extensions>
    </Filter>
    <Filter Include="Physics">
      <UniqueIdentifier>{5061264e-8774-44dc-8f4b-23625e560206}</UniqueIdentifier>
    </Filter>
  </ItemGroup>
  <ItemGroup>
    <ClCompile Include="GameEntity.cpp">
      <Filter>Source Files</Filter>
    </ClCompile>
    <ClCompile Include="PhysicsNode.cpp">
      <Filter>Source Files</Filter>
    </ClCompile>
    <ClCompile Include="PhysicsSystem.cpp">
      <Filter>Source Files</Filter>
    </ClCompile>
    <ClCompile Include="Renderer.cpp">
      <Filter>Source Files</Filter>
    </ClCompile>
    <ClCompile Include="MyGame.cpp">
      <Filter>Source Files</Filter>
    </ClCompile>
    <ClCompile Include="GameClass.cpp">
      <Filter>Source Files</Filter>
    </ClCompile>
    <ClCompile Include="Main.cpp">
      <Filter>Source Files</Filter>
    </ClCompile>
    <ClCompile Include="Spring.cpp">
      <Filter>Source Files</Filter>
    </ClCompile>
    <ClCompile Include="FirstProjectile.cpp">
      <Filter>Source Files</Filter>
    </ClCompile>
    <ClCompile Include="MoveCube.cpp">
      <Filter>Source Files</Filter>
    </ClCompile>
    <ClCompile Include="MoveSphere.cpp">
      <Filter>Source Files</Filter>
    </ClCompile>
    <ClCompile Include="Cube.cpp">
      <Filter>Source Files</Filter>
    </ClCompile>
    <ClCompile Include="CubeBox0.cpp">
      <Filter>Source Files</Filter>
    </ClCompile>
    <ClCompile Include="CubeBox1.cpp">
      <Filter>Source Files</Filter>
    </ClCompile>
    <ClCompile Include="Ball_Spring_Chain.cpp">
      <Filter>Source Files</Filter>
    </ClCompile>
    <ClCompile Include="MoveSpherePhy.cpp">
      <Filter>Source Files</Filter>
    </ClCompile>
    <ClCompile Include="KPAXPhysicsNode.cpp">
      <Filter>Source Files</Filter>
    </ClCompile>
  </ItemGroup>
  <ItemGroup>
    <ClInclude Include="GameEntity.h">
      <Filter>Header Files</Filter>
    </ClInclude>
    <ClInclude Include="PhysicsNode.h">
      <Filter>Header Files</Filter>
    </ClInclude>
    <ClInclude Include="PhysicsSystem.h">
      <Filter>Header Files</Filter>
    </ClInclude>
    <ClInclude Include="Renderer.h">
      <Filter>Header Files</Filter>
    </ClInclude>
    <ClInclude Include="MyGame.h">
      <Filter>Header Files</Filter>
    </ClInclude>
    <ClInclude Include="GameClass.h">
      <Filter>Header Files</Filter>
    </ClInclude>
    <ClInclude Include="Spring.h">
      <Filter>Header Files</Filter>
    </ClInclude>
    <ClInclude Include="FirstProjectile.h">
      <Filter>Header Files</Filter>
    </ClInclude>
    <ClInclude Include="MoveCube.h">
      <Filter>Header Files</Filter>
    </ClInclude>
    <ClInclude Include="MoveSphere.h">
      <Filter>Header Files</Filter>
    </ClInclude>
    <ClInclude Include="Cube.h">
      <Filter>Header Files</Filter>
    </ClInclude>
    <ClInclude Include="CubeBox0.h">
      <Filter>Header Files</Filter>
    </ClInclude>
    <ClInclude Include="CubeBox1.h">
      <Filter>Header Files</Filter>
    </ClInclude>
    <ClInclude Include="MoveSpherePhy.h">
      <Filter>Header Files</Filter>
    </ClInclude>
    <ClInclude Include="KPAXPhysicsNode.h">
      <Filter>Header Files</Filter>
    </ClInclude>
    <ClInclude Include="Ball_Spring_Chain.h">
      <Filter>Header Files</Filter>
    </ClInclude>
  </ItemGroup>
  <ItemGroup>
    <None Include="log.txt">
      <Filter>Shader</Filter>
    </None>
    <None Include="ClassDiagram1.cd" />
    <None Include="..\..\Shaders\debugVertex.glsl">
      <Filter>Shader</Filter>
    </None>
    <None Include="..\..\Shaders\skyboxFragment.glsl">
      <Filter>Shader</Filter>
    </None>
    <None Include="..\..\Shaders\skyboxVertex.glsl">
      <Filter>Shader</Filter>
    </None>
    <None Include="..\..\Shaders\TechFragment.glsl">
      <Filter>Shader</Filter>
    </None>
    <None Include="..\..\Shaders\TechVertex.glsl">
      <Filter>Shader</Filter>
    </None>
    <None Include="..\..\Shaders\TexturedFragment.glsl">
      <Filter>Shader</Filter>
    </None>
    <None Include="..\..\Shaders\TexturedVertex.glsl">
      <Filter>Shader</Filter>
    </None>
    <None Include="..\..\Shaders\PerPixelFragment.glsl">
      <Filter>Shader</Filter>
    </None>
    <None Include="..\..\Shaders\PerPixelVertex.glsl">
      <Filter>Shader</Filter>
    </None>
    <None Include="..\..\Shaders\SeaFrag.glsl">
      <Filter>Shader</Filter>
    </None>
    <None Include="..\..\Shaders\SeaVertex.glsl">
      <Filter>Shader</Filter>
    </None>
    <None Include="..\..\Shaders\SceneFragment.glsl">
      <Filter>Shader</Filter>
    </None>
    <None Include="..\..\Shaders\SceneVertex.glsl">
      <Filter>Shader</Filter>
    </None>
    <None Include="..\..\Shaders\fragment.glsl">
      <Filter>Shader</Filter>
    </None>
    <None Include="..\..\Shaders\geometry.glsl">
      <Filter>Shader</Filter>
    </None>
    <None Include="..\..\Shaders\vertex.glsl">
      <Filter>Shader</Filter>
    </None>
  </ItemGroup>
</Project>